// !$*UTF8*$!
{
	archiveVersion = 1;
	classes = {
	};
	objectVersion = 50;
	objects = {

/* Begin PBXBuildFile section */
		80BE503923EFF7F80074CFEE /* AppDelegate.swift in Sources */ = {isa = PBXBuildFile; fileRef = 80BE503823EFF7F80074CFEE /* AppDelegate.swift */; };
		80BE503B23EFF7F80074CFEE /* SceneDelegate.swift in Sources */ = {isa = PBXBuildFile; fileRef = 80BE503A23EFF7F80074CFEE /* SceneDelegate.swift */; };
		80BE503D23EFF7F80074CFEE /* ViewController.swift in Sources */ = {isa = PBXBuildFile; fileRef = 80BE503C23EFF7F80074CFEE /* ViewController.swift */; };
		80BE504023EFF7F80074CFEE /* Main.storyboard in Resources */ = {isa = PBXBuildFile; fileRef = 80BE503E23EFF7F80074CFEE /* Main.storyboard */; };
		80BE504223EFF7FC0074CFEE /* Assets.xcassets in Resources */ = {isa = PBXBuildFile; fileRef = 80BE504123EFF7FC0074CFEE /* Assets.xcassets */; };
		80BE504523EFF7FC0074CFEE /* LaunchScreen.storyboard in Resources */ = {isa = PBXBuildFile; fileRef = 80BE504323EFF7FC0074CFEE /* LaunchScreen.storyboard */; };
		80BE505023EFF7FC0074CFEE /* push_notificationTests.swift in Sources */ = {isa = PBXBuildFile; fileRef = 80BE504F23EFF7FC0074CFEE /* push_notificationTests.swift */; };
		80BE505B23EFF7FC0074CFEE /* push_notificationUITests.swift in Sources */ = {isa = PBXBuildFile; fileRef = 80BE505A23EFF7FC0074CFEE /* push_notificationUITests.swift */; };
/* End PBXBuildFile section */

/* Begin PBXContainerItemProxy section */
		80BE504C23EFF7FC0074CFEE /* PBXContainerItemProxy */ = {
			isa = PBXContainerItemProxy;
			containerPortal = 80BE502D23EFF7F80074CFEE /* Project object */;
			proxyType = 1;
			remoteGlobalIDString = 80BE503423EFF7F80074CFEE;
			remoteInfo = "push-notification";
		};
		80BE505723EFF7FC0074CFEE /* PBXContainerItemProxy */ = {
			isa = PBXContainerItemProxy;
			containerPortal = 80BE502D23EFF7F80074CFEE /* Project object */;
			proxyType = 1;
			remoteGlobalIDString = 80BE503423EFF7F80074CFEE;
			remoteInfo = "push-notification";
		};
/* End PBXContainerItemProxy section */

/* Begin PBXFileReference section */
		80BE503523EFF7F80074CFEE /* push-notification.app */ = {isa = PBXFileReference; explicitFileType = wrapper.application; includeInIndex = 0; path = "push-notification.app"; sourceTree = BUILT_PRODUCTS_DIR; };
		80BE503823EFF7F80074CFEE /* AppDelegate.swift */ = {isa = PBXFileReference; lastKnownFileType = sourcecode.swift; path = AppDelegate.swift; sourceTree = "<group>"; };
		80BE503A23EFF7F80074CFEE /* SceneDelegate.swift */ = {isa = PBXFileReference; lastKnownFileType = sourcecode.swift; path = SceneDelegate.swift; sourceTree = "<group>"; };
		80BE503C23EFF7F80074CFEE /* ViewController.swift */ = {isa = PBXFileReference; lastKnownFileType = sourcecode.swift; path = ViewController.swift; sourceTree = "<group>"; };
		80BE503F23EFF7F80074CFEE /* Base */ = {isa = PBXFileReference; lastKnownFileType = file.storyboard; name = Base; path = Base.lproj/Main.storyboard; sourceTree = "<group>"; };
		80BE504123EFF7FC0074CFEE /* Assets.xcassets */ = {isa = PBXFileReference; lastKnownFileType = folder.assetcatalog; path = Assets.xcassets; sourceTree = "<group>"; };
		80BE504423EFF7FC0074CFEE /* Base */ = {isa = PBXFileReference; lastKnownFileType = file.storyboard; name = Base; path = Base.lproj/LaunchScreen.storyboard; sourceTree = "<group>"; };
		80BE504623EFF7FC0074CFEE /* Info.plist */ = {isa = PBXFileReference; lastKnownFileType = text.plist.xml; path = Info.plist; sourceTree = "<group>"; };
		80BE504B23EFF7FC0074CFEE /* push-notificationTests.xctest */ = {isa = PBXFileReference; explicitFileType = wrapper.cfbundle; includeInIndex = 0; path = "push-notificationTests.xctest"; sourceTree = BUILT_PRODUCTS_DIR; };
		80BE504F23EFF7FC0074CFEE /* push_notificationTests.swift */ = {isa = PBXFileReference; lastKnownFileType = sourcecode.swift; path = push_notificationTests.swift; sourceTree = "<group>"; };
		80BE505123EFF7FC0074CFEE /* Info.plist */ = {isa = PBXFileReference; lastKnownFileType = text.plist.xml; path = Info.plist; sourceTree = "<group>"; };
		80BE505623EFF7FC0074CFEE /* push-notificationUITests.xctest */ = {isa = PBXFileReference; explicitFileType = wrapper.cfbundle; includeInIndex = 0; path = "push-notificationUITests.xctest"; sourceTree = BUILT_PRODUCTS_DIR; };
		80BE505A23EFF7FC0074CFEE /* push_notificationUITests.swift */ = {isa = PBXFileReference; lastKnownFileType = sourcecode.swift; path = push_notificationUITests.swift; sourceTree = "<group>"; };
		80BE505C23EFF7FC0074CFEE /* Info.plist */ = {isa = PBXFileReference; lastKnownFileType = text.plist.xml; path = Info.plist; sourceTree = "<group>"; };
/* End PBXFileReference section */

/* Begin PBXFrameworksBuildPhase section */
		80BE503223EFF7F80074CFEE /* Frameworks */ = {
			isa = PBXFrameworksBuildPhase;
			buildActionMask = 2147483647;
			files = (
			);
			runOnlyForDeploymentPostprocessing = 0;
		};
		80BE504823EFF7FC0074CFEE /* Frameworks */ = {
			isa = PBXFrameworksBuildPhase;
			buildActionMask = 2147483647;
			files = (
			);
			runOnlyForDeploymentPostprocessing = 0;
		};
		80BE505323EFF7FC0074CFEE /* Frameworks */ = {
			isa = PBXFrameworksBuildPhase;
			buildActionMask = 2147483647;
			files = (
			);
			runOnlyForDeploymentPostprocessing = 0;
		};
/* End PBXFrameworksBuildPhase section */

/* Begin PBXGroup section */
		80BE502C23EFF7F80074CFEE = {
			isa = PBXGroup;
			children = (
				80BE503723EFF7F80074CFEE /* push-notification */,
				80BE504E23EFF7FC0074CFEE /* push-notificationTests */,
				80BE505923EFF7FC0074CFEE /* push-notificationUITests */,
				80BE503623EFF7F80074CFEE /* Products */,
			);
			sourceTree = "<group>";
		};
		80BE503623EFF7F80074CFEE /* Products */ = {
			isa = PBXGroup;
			children = (
				80BE503523EFF7F80074CFEE /* push-notification.app */,
				80BE504B23EFF7FC0074CFEE /* push-notificationTests.xctest */,
				80BE505623EFF7FC0074CFEE /* push-notificationUITests.xctest */,
			);
			name = Products;
			sourceTree = "<group>";
		};
		80BE503723EFF7F80074CFEE /* push-notification */ = {
			isa = PBXGroup;
			children = (
				80BE503823EFF7F80074CFEE /* AppDelegate.swift */,
				80BE503A23EFF7F80074CFEE /* SceneDelegate.swift */,
				80BE503C23EFF7F80074CFEE /* ViewController.swift */,
				80BE503E23EFF7F80074CFEE /* Main.storyboard */,
				80BE504123EFF7FC0074CFEE /* Assets.xcassets */,
				80BE504323EFF7FC0074CFEE /* LaunchScreen.storyboard */,
				80BE504623EFF7FC0074CFEE /* Info.plist */,
			);
			path = "push-notification";
			sourceTree = "<group>";
		};
		80BE504E23EFF7FC0074CFEE /* push-notificationTests */ = {
			isa = PBXGroup;
			children = (
				80BE504F23EFF7FC0074CFEE /* push_notificationTests.swift */,
				80BE505123EFF7FC0074CFEE /* Info.plist */,
			);
			path = "push-notificationTests";
			sourceTree = "<group>";
		};
		80BE505923EFF7FC0074CFEE /* push-notificationUITests */ = {
			isa = PBXGroup;
			children = (
				80BE505A23EFF7FC0074CFEE /* push_notificationUITests.swift */,
				80BE505C23EFF7FC0074CFEE /* Info.plist */,
			);
			path = "push-notificationUITests";
			sourceTree = "<group>";
		};
/* End PBXGroup section */

/* Begin PBXNativeTarget section */
		80BE503423EFF7F80074CFEE /* push-notification */ = {
			isa = PBXNativeTarget;
			buildConfigurationList = 80BE505F23EFF7FC0074CFEE /* Build configuration list for PBXNativeTarget "push-notification" */;
			buildPhases = (
				80BE503123EFF7F80074CFEE /* Sources */,
				80BE503223EFF7F80074CFEE /* Frameworks */,
				80BE503323EFF7F80074CFEE /* Resources */,
			);
			buildRules = (
			);
			dependencies = (
			);
			name = "push-notification";
			productName = "push-notification";
			productReference = 80BE503523EFF7F80074CFEE /* push-notification.app */;
			productType = "com.apple.product-type.application";
		};
		80BE504A23EFF7FC0074CFEE /* push-notificationTests */ = {
			isa = PBXNativeTarget;
			buildConfigurationList = 80BE506223EFF7FC0074CFEE /* Build configuration list for PBXNativeTarget "push-notificationTests" */;
			buildPhases = (
				80BE504723EFF7FC0074CFEE /* Sources */,
				80BE504823EFF7FC0074CFEE /* Frameworks */,
				80BE504923EFF7FC0074CFEE /* Resources */,
			);
			buildRules = (
			);
			dependencies = (
				80BE504D23EFF7FC0074CFEE /* PBXTargetDependency */,
			);
			name = "push-notificationTests";
			productName = "push-notificationTests";
			productReference = 80BE504B23EFF7FC0074CFEE /* push-notificationTests.xctest */;
			productType = "com.apple.product-type.bundle.unit-test";
		};
		80BE505523EFF7FC0074CFEE /* push-notificationUITests */ = {
			isa = PBXNativeTarget;
			buildConfigurationList = 80BE506523EFF7FC0074CFEE /* Build configuration list for PBXNativeTarget "push-notificationUITests" */;
			buildPhases = (
				80BE505223EFF7FC0074CFEE /* Sources */,
				80BE505323EFF7FC0074CFEE /* Frameworks */,
				80BE505423EFF7FC0074CFEE /* Resources */,
			);
			buildRules = (
			);
			dependencies = (
				80BE505823EFF7FC0074CFEE /* PBXTargetDependency */,
			);
			name = "push-notificationUITests";
			productName = "push-notificationUITests";
			productReference = 80BE505623EFF7FC0074CFEE /* push-notificationUITests.xctest */;
			productType = "com.apple.product-type.bundle.ui-testing";
		};
/* End PBXNativeTarget section */

/* Begin PBXProject section */
		80BE502D23EFF7F80074CFEE /* Project object */ = {
			isa = PBXProject;
			attributes = {
				LastSwiftUpdateCheck = 1130;
				LastUpgradeCheck = 1130;
				ORGANIZATIONNAME = "Atsuki Kakehi";
				TargetAttributes = {
					80BE503423EFF7F80074CFEE = {
						CreatedOnToolsVersion = 11.3;
					};
					80BE504A23EFF7FC0074CFEE = {
						CreatedOnToolsVersion = 11.3;
						TestTargetID = 80BE503423EFF7F80074CFEE;
					};
					80BE505523EFF7FC0074CFEE = {
						CreatedOnToolsVersion = 11.3;
						TestTargetID = 80BE503423EFF7F80074CFEE;
					};
				};
			};
			buildConfigurationList = 80BE503023EFF7F80074CFEE /* Build configuration list for PBXProject "push-notification" */;
			compatibilityVersion = "Xcode 9.3";
			developmentRegion = en;
			hasScannedForEncodings = 0;
			knownRegions = (
				en,
				Base,
			);
			mainGroup = 80BE502C23EFF7F80074CFEE;
			productRefGroup = 80BE503623EFF7F80074CFEE /* Products */;
			projectDirPath = "";
			projectRoot = "";
			targets = (
				80BE503423EFF7F80074CFEE /* push-notification */,
				80BE504A23EFF7FC0074CFEE /* push-notificationTests */,
				80BE505523EFF7FC0074CFEE /* push-notificationUITests */,
			);
		};
/* End PBXProject section */

/* Begin PBXResourcesBuildPhase section */
		80BE503323EFF7F80074CFEE /* Resources */ = {
			isa = PBXResourcesBuildPhase;
			buildActionMask = 2147483647;
			files = (
				80BE504523EFF7FC0074CFEE /* LaunchScreen.storyboard in Resources */,
				80BE504223EFF7FC0074CFEE /* Assets.xcassets in Resources */,
				80BE504023EFF7F80074CFEE /* Main.storyboard in Resources */,
			);
			runOnlyForDeploymentPostprocessing = 0;
		};
		80BE504923EFF7FC0074CFEE /* Resources */ = {
			isa = PBXResourcesBuildPhase;
			buildActionMask = 2147483647;
			files = (
			);
			runOnlyForDeploymentPostprocessing = 0;
		};
		80BE505423EFF7FC0074CFEE /* Resources */ = {
			isa = PBXResourcesBuildPhase;
			buildActionMask = 2147483647;
			files = (
			);
			runOnlyForDeploymentPostprocessing = 0;
		};
/* End PBXResourcesBuildPhase section */

/* Begin PBXSourcesBuildPhase section */
		80BE503123EFF7F80074CFEE /* Sources */ = {
			isa = PBXSourcesBuildPhase;
			buildActionMask = 2147483647;
			files = (
				80BE503D23EFF7F80074CFEE /* ViewController.swift in Sources */,
				80BE503923EFF7F80074CFEE /* AppDelegate.swift in Sources */,
				80BE503B23EFF7F80074CFEE /* SceneDelegate.swift in Sources */,
			);
			runOnlyForDeploymentPostprocessing = 0;
		};
		80BE504723EFF7FC0074CFEE /* Sources */ = {
			isa = PBXSourcesBuildPhase;
			buildActionMask = 2147483647;
			files = (
				80BE505023EFF7FC0074CFEE /* push_notificationTests.swift in Sources */,
			);
			runOnlyForDeploymentPostprocessing = 0;
		};
		80BE505223EFF7FC0074CFEE /* Sources */ = {
			isa = PBXSourcesBuildPhase;
			buildActionMask = 2147483647;
			files = (
				80BE505B23EFF7FC0074CFEE /* push_notificationUITests.swift in Sources */,
			);
			runOnlyForDeploymentPostprocessing = 0;
		};
/* End PBXSourcesBuildPhase section */

/* Begin PBXTargetDependency section */
		80BE504D23EFF7FC0074CFEE /* PBXTargetDependency */ = {
			isa = PBXTargetDependency;
			target = 80BE503423EFF7F80074CFEE /* push-notification */;
			targetProxy = 80BE504C23EFF7FC0074CFEE /* PBXContainerItemProxy */;
		};
		80BE505823EFF7FC0074CFEE /* PBXTargetDependency */ = {
			isa = PBXTargetDependency;
			target = 80BE503423EFF7F80074CFEE /* push-notification */;
			targetProxy = 80BE505723EFF7FC0074CFEE /* PBXContainerItemProxy */;
		};
/* End PBXTargetDependency section */

/* Begin PBXVariantGroup section */
		80BE503E23EFF7F80074CFEE /* Main.storyboard */ = {
			isa = PBXVariantGroup;
			children = (
				80BE503F23EFF7F80074CFEE /* Base */,
			);
			name = Main.storyboard;
			sourceTree = "<group>";
		};
		80BE504323EFF7FC0074CFEE /* LaunchScreen.storyboard */ = {
			isa = PBXVariantGroup;
			children = (
				80BE504423EFF7FC0074CFEE /* Base */,
			);
			name = LaunchScreen.storyboard;
			sourceTree = "<group>";
		};
/* End PBXVariantGroup section */

/* Begin XCBuildConfiguration section */
		80BE505D23EFF7FC0074CFEE /* Debug */ = {
			isa = XCBuildConfiguration;
			buildSettings = {
				ALWAYS_SEARCH_USER_PATHS = NO;
				CLANG_ANALYZER_NONNULL = YES;
				CLANG_ANALYZER_NUMBER_OBJECT_CONVERSION = YES_AGGRESSIVE;
				CLANG_CXX_LANGUAGE_STANDARD = "gnu++14";
				CLANG_CXX_LIBRARY = "libc++";
				CLANG_ENABLE_MODULES = YES;
				CLANG_ENABLE_OBJC_ARC = YES;
				CLANG_ENABLE_OBJC_WEAK = YES;
				CLANG_WARN_BLOCK_CAPTURE_AUTORELEASING = YES;
				CLANG_WARN_BOOL_CONVERSION = YES;
				CLANG_WARN_COMMA = YES;
				CLANG_WARN_CONSTANT_CONVERSION = YES;
				CLANG_WARN_DEPRECATED_OBJC_IMPLEMENTATIONS = YES;
				CLANG_WARN_DIRECT_OBJC_ISA_USAGE = YES_ERROR;
				CLANG_WARN_DOCUMENTATION_COMMENTS = YES;
				CLANG_WARN_EMPTY_BODY = YES;
				CLANG_WARN_ENUM_CONVERSION = YES;
				CLANG_WARN_INFINITE_RECURSION = YES;
				CLANG_WARN_INT_CONVERSION = YES;
				CLANG_WARN_NON_LITERAL_NULL_CONVERSION = YES;
				CLANG_WARN_OBJC_IMPLICIT_RETAIN_SELF = YES;
				CLANG_WARN_OBJC_LITERAL_CONVERSION = YES;
				CLANG_WARN_OBJC_ROOT_CLASS = YES_ERROR;
				CLANG_WARN_RANGE_LOOP_ANALYSIS = YES;
				CLANG_WARN_STRICT_PROTOTYPES = YES;
				CLANG_WARN_SUSPICIOUS_MOVE = YES;
				CLANG_WARN_UNGUARDED_AVAILABILITY = YES_AGGRESSIVE;
				CLANG_WARN_UNREACHABLE_CODE = YES;
				CLANG_WARN__DUPLICATE_METHOD_MATCH = YES;
				COPY_PHASE_STRIP = NO;
				DEBUG_INFORMATION_FORMAT = dwarf;
				ENABLE_STRICT_OBJC_MSGSEND = YES;
				ENABLE_TESTABILITY = YES;
				GCC_C_LANGUAGE_STANDARD = gnu11;
				GCC_DYNAMIC_NO_PIC = NO;
				GCC_NO_COMMON_BLOCKS = YES;
				GCC_OPTIMIZATION_LEVEL = 0;
				GCC_PREPROCESSOR_DEFINITIONS = (
					"DEBUG=1",
					"$(inherited)",
				);
				GCC_WARN_64_TO_32_BIT_CONVERSION = YES;
				GCC_WARN_ABOUT_RETURN_TYPE = YES_ERROR;
				GCC_WARN_UNDECLARED_SELECTOR = YES;
				GCC_WARN_UNINITIALIZED_AUTOS = YES_AGGRESSIVE;
				GCC_WARN_UNUSED_FUNCTION = YES;
				GCC_WARN_UNUSED_VARIABLE = YES;
				IPHONEOS_DEPLOYMENT_TARGET = 13.2;
				MTL_ENABLE_DEBUG_INFO = INCLUDE_SOURCE;
				MTL_FAST_MATH = YES;
				ONLY_ACTIVE_ARCH = YES;
				SDKROOT = iphoneos;
				SWIFT_ACTIVE_COMPILATION_CONDITIONS = DEBUG;
				SWIFT_OPTIMIZATION_LEVEL = "-Onone";
			};
			name = Debug;
		};
		80BE505E23EFF7FC0074CFEE /* Release */ = {
			isa = XCBuildConfiguration;
			buildSettings = {
				ALWAYS_SEARCH_USER_PATHS = NO;
				CLANG_ANALYZER_NONNULL = YES;
				CLANG_ANALYZER_NUMBER_OBJECT_CONVERSION = YES_AGGRESSIVE;
				CLANG_CXX_LANGUAGE_STANDARD = "gnu++14";
				CLANG_CXX_LIBRARY = "libc++";
				CLANG_ENABLE_MODULES = YES;
				CLANG_ENABLE_OBJC_ARC = YES;
				CLANG_ENABLE_OBJC_WEAK = YES;
				CLANG_WARN_BLOCK_CAPTURE_AUTORELEASING = YES;
				CLANG_WARN_BOOL_CONVERSION = YES;
				CLANG_WARN_COMMA = YES;
				CLANG_WARN_CONSTANT_CONVERSION = YES;
				CLANG_WARN_DEPRECATED_OBJC_IMPLEMENTATIONS = YES;
				CLANG_WARN_DIRECT_OBJC_ISA_USAGE = YES_ERROR;
				CLANG_WARN_DOCUMENTATION_COMMENTS = YES;
				CLANG_WARN_EMPTY_BODY = YES;
				CLANG_WARN_ENUM_CONVERSION = YES;
				CLANG_WARN_INFINITE_RECURSION = YES;
				CLANG_WARN_INT_CONVERSION = YES;
				CLANG_WARN_NON_LITERAL_NULL_CONVERSION = YES;
				CLANG_WARN_OBJC_IMPLICIT_RETAIN_SELF = YES;
				CLANG_WARN_OBJC_LITERAL_CONVERSION = YES;
				CLANG_WARN_OBJC_ROOT_CLASS = YES_ERROR;
				CLANG_WARN_RANGE_LOOP_ANALYSIS = YES;
				CLANG_WARN_STRICT_PROTOTYPES = YES;
				CLANG_WARN_SUSPICIOUS_MOVE = YES;
				CLANG_WARN_UNGUARDED_AVAILABILITY = YES_AGGRESSIVE;
				CLANG_WARN_UNREACHABLE_CODE = YES;
				CLANG_WARN__DUPLICATE_METHOD_MATCH = YES;
				COPY_PHASE_STRIP = NO;
				DEBUG_INFORMATION_FORMAT = "dwarf-with-dsym";
				ENABLE_NS_ASSERTIONS = NO;
				ENABLE_STRICT_OBJC_MSGSEND = YES;
				GCC_C_LANGUAGE_STANDARD = gnu11;
				GCC_NO_COMMON_BLOCKS = YES;
				GCC_WARN_64_TO_32_BIT_CONVERSION = YES;
				GCC_WARN_ABOUT_RETURN_TYPE = YES_ERROR;
				GCC_WARN_UNDECLARED_SELECTOR = YES;
				GCC_WARN_UNINITIALIZED_AUTOS = YES_AGGRESSIVE;
				GCC_WARN_UNUSED_FUNCTION = YES;
				GCC_WARN_UNUSED_VARIABLE = YES;
				IPHONEOS_DEPLOYMENT_TARGET = 13.2;
				MTL_ENABLE_DEBUG_INFO = NO;
				MTL_FAST_MATH = YES;
				SDKROOT = iphoneos;
				SWIFT_COMPILATION_MODE = wholemodule;
				SWIFT_OPTIMIZATION_LEVEL = "-O";
				VALIDATE_PRODUCT = YES;
			};
			name = Release;
		};
		80BE506023EFF7FC0074CFEE /* Debug */ = {
			isa = XCBuildConfiguration;
			buildSettings = {
				ASSETCATALOG_COMPILER_APPICON_NAME = AppIcon;
				CODE_SIGN_STYLE = Automatic;
				DEVELOPMENT_TEAM = B3G5Q9A859;
				INFOPLIST_FILE = "push-notification/Info.plist";
				LD_RUNPATH_SEARCH_PATHS = (
					"$(inherited)",
					"@executable_path/Frameworks",
				);
				PRODUCT_BUNDLE_IDENTIFIER = "jp.kakkki.push.experiment.push-notification";
				PRODUCT_NAME = "$(TARGET_NAME)";
				SWIFT_VERSION = 5.0;
				TARGETED_DEVICE_FAMILY = "1,2";
			};
			name = Debug;
		};
		80BE506123EFF7FC0074CFEE /* Release */ = {
			isa = XCBuildConfiguration;
			buildSettings = {
				ASSETCATALOG_COMPILER_APPICON_NAME = AppIcon;
				CODE_SIGN_STYLE = Automatic;
				DEVELOPMENT_TEAM = B3G5Q9A859;
				INFOPLIST_FILE = "push-notification/Info.plist";
				LD_RUNPATH_SEARCH_PATHS = (
					"$(inherited)",
					"@executable_path/Frameworks",
				);
				PRODUCT_BUNDLE_IDENTIFIER = "jp.kakkki.push.experiment.push-notification";
				PRODUCT_NAME = "$(TARGET_NAME)";
				SWIFT_VERSION = 5.0;
				TARGETED_DEVICE_FAMILY = "1,2";
			};
			name = Release;
		};
		80BE506323EFF7FC0074CFEE /* Debug */ = {
			isa = XCBuildConfiguration;
			buildSettings = {
				ALWAYS_EMBED_SWIFT_STANDARD_LIBRARIES = YES;
				BUNDLE_LOADER = "$(TEST_HOST)";
				CODE_SIGN_STYLE = Automatic;
				DEVELOPMENT_TEAM = B3G5Q9A859;
				INFOPLIST_FILE = "push-notificationTests/Info.plist";
				IPHONEOS_DEPLOYMENT_TARGET = 13.2;
				LD_RUNPATH_SEARCH_PATHS = (
					"$(inherited)",
					"@executable_path/Frameworks",
					"@loader_path/Frameworks",
				);
				PRODUCT_BUNDLE_IDENTIFIER = "jp.kakkki.push.experiment.push-notificationTests";
				PRODUCT_NAME = "$(TARGET_NAME)";
				SWIFT_VERSION = 5.0;
				TARGETED_DEVICE_FAMILY = "1,2";
				TEST_HOST = "$(BUILT_PRODUCTS_DIR)/push-notification.app/push-notification";
			};
			name = Debug;
		};
		80BE506423EFF7FC0074CFEE /* Release */ = {
			isa = XCBuildConfiguration;
			buildSettings = {
				ALWAYS_EMBED_SWIFT_STANDARD_LIBRARIES = YES;
				BUNDLE_LOADER = "$(TEST_HOST)";
				CODE_SIGN_STYLE = Automatic;
				DEVELOPMENT_TEAM = B3G5Q9A859;
				INFOPLIST_FILE = "push-notificationTests/Info.plist";
				IPHONEOS_DEPLOYMENT_TARGET = 13.2;
				LD_RUNPATH_SEARCH_PATHS = (
					"$(inherited)",
					"@executable_path/Frameworks",
					"@loader_path/Frameworks",
				);
				PRODUCT_BUNDLE_IDENTIFIER = "jp.kakkki.push.experiment.push-notificationTests";
				PRODUCT_NAME = "$(TARGET_NAME)";
				SWIFT_VERSION = 5.0;
				TARGETED_DEVICE_FAMILY = "1,2";
				TEST_HOST = "$(BUILT_PRODUCTS_DIR)/push-notification.app/push-notification";
			};
			name = Release;
		};
		80BE506623EFF7FC0074CFEE /* Debug */ = {
			isa = XCBuildConfiguration;
			buildSettings = {
				ALWAYS_EMBED_SWIFT_STANDARD_LIBRARIES = YES;
				CODE_SIGN_STYLE = Automatic;
				DEVELOPMENT_TEAM = B3G5Q9A859;
				INFOPLIST_FILE = "push-notificationUITests/Info.plist";
				LD_RUNPATH_SEARCH_PATHS = (
					"$(inherited)",
					"@executable_path/Frameworks",
					"@loader_path/Frameworks",
				);
				PRODUCT_BUNDLE_IDENTIFIER = "jp.kakkki.push.experiment.push-notificationUITests";
				PRODUCT_NAME = "$(TARGET_NAME)";
				SWIFT_VERSION = 5.0;
				TARGETED_DEVICE_FAMILY = "1,2";
				TEST_TARGET_NAME = "push-notification";
			};
			name = Debug;
		};
		80BE506723EFF7FC0074CFEE /* Release */ = {
			isa = XCBuildConfiguration;
			buildSettings = {
				ALWAYS_EMBED_SWIFT_STANDARD_LIBRARIES = YES;
				CODE_SIGN_STYLE = Automatic;
				DEVELOPMENT_TEAM = B3G5Q9A859;
				INFOPLIST_FILE = "push-notificationUITests/Info.plist";
				LD_RUNPATH_SEARCH_PATHS = (
					"$(inherited)",
					"@executable_path/Frameworks",
					"@loader_path/Frameworks",
				);
				PRODUCT_BUNDLE_IDENTIFIER = "jp.kakkki.push.experiment.push-notificationUITests";
				PRODUCT_NAME = "$(TARGET_NAME)";
				SWIFT_VERSION = 5.0;
				TARGETED_DEVICE_FAMILY = "1,2";
				TEST_TARGET_NAME = "push-notification";
			};
			name = Release;
		};
/* End XCBuildConfiguration section */

/* Begin XCConfigurationList section */
		80BE503023EFF7F80074CFEE /* Build configuration list for PBXProject "push-notification" */ = {
			isa = XCConfigurationList;
			buildConfigurations = (
				80BE505D23EFF7FC0074CFEE /* Debug */,
				80BE505E23EFF7FC0074CFEE /* Release */,
			);
			defaultConfigurationIsVisible = 0;
			defaultConfigurationName = Release;
		};
		80BE505F23EFF7FC0074CFEE /* Build configuration list for PBXNativeTarget "push-notification" */ = {
			isa = XCConfigurationList;
			buildConfigurations = (
				80BE506023EFF7FC0074CFEE /* Debug */,
				80BE506123EFF7FC0074CFEE /* Release */,
			);
			defaultConfigurationIsVisible = 0;
			defaultConfigurationName = Release;
		};
		80BE506223EFF7FC0074CFEE /* Build configuration list for PBXNativeTarget "push-notificationTests" */ = {
			isa = XCConfigurationList;
			buildConfigurations = (
				80BE506323EFF7FC0074CFEE /* Debug */,
				80BE506423EFF7FC0074CFEE /* Release */,
			);
			defaultConfigurationIsVisible = 0;
			defaultConfigurationName = Release;
		};
		80BE506523EFF7FC0074CFEE /* Build configuration list for PBXNativeTarget "push-notificationUITests" */ = {
			isa = XCConfigurationList;
			buildConfigurations = (
				80BE506623EFF7FC0074CFEE /* Debug */,
				80BE506723EFF7FC0074CFEE /* Release */,
			);
			defaultConfigurationIsVisible = 0;
			defaultConfigurationName = Release;
		};
/* End XCConfigurationList section */
	};
	rootObject = 80BE502D23EFF7F80074CFEE /* Project object */;
}
